
Microsoft Visual Studio Solution File, Format Version 12.00
# Visual Studio Version 17
VisualStudioVersion = 17.9.34622.214
MinimumVisualStudioVersion = 10.0.40219.1
Project("{FAE04EC0-301F-11D3-BF4B-00C04F79EFBC}") = "OOPiP2_2", "OOPiP2_2\OOPiP2_2.csproj", "{F5BE8B51-6303-4D92-929F-B2CDCC40C9E6}"
EndProject
Project("{FAE04EC0-301F-11D3-BF4B-00C04F79EFBC}") = "MyLib", "MyLib\MyLib.csproj", "{EFE481EF-4396-4A4F-8C04-FE1E64598F26}"
EndProject
Project("{FAE04EC0-301F-11D3-BF4B-00C04F79EFBC}") = "Decorators.Tests", "Decorators.Tests\Decorators.Tests.csproj", "{9A468D27-1B9E-486E-9D1B-9A846FA4BE09}"
EndProject
Global
	GlobalSection(SolutionConfigurationPlatforms) = preSolution
		Debug|Any CPU = Debug|Any CPU
		Release|Any CPU = Release|Any CPU
	EndGlobalSection
	GlobalSection(ProjectConfigurationPlatforms) = postSolution
		{F5BE8B51-6303-4D92-929F-B2CDCC40C9E6}.Debug|Any CPU.ActiveCfg = Debug|Any CPU
		{F5BE8B51-6303-4D92-929F-B2CDCC40C9E6}.Debug|Any CPU.Build.0 = Debug|Any CPU
		{F5BE8B51-6303-4D92-929F-B2CDCC40C9E6}.Release|Any CPU.ActiveCfg = Release|Any CPU
		{F5BE8B51-6303-4D92-929F-B2CDCC40C9E6}.Release|Any CPU.Build.0 = Release|Any CPU
		{EFE481EF-4396-4A4F-8C04-FE1E64598F26}.Debug|Any CPU.ActiveCfg = Debug|Any CPU
		{EFE481EF-4396-4A4F-8C04-FE1E64598F26}.Debug|Any CPU.Build.0 = Debug|Any CPU
		{EFE481EF-4396-4A4F-8C04-FE1E64598F26}.Release|Any CPU.ActiveCfg = Release|Any CPU
		{EFE481EF-4396-4A4F-8C04-FE1E64598F26}.Release|Any CPU.Build.0 = Release|Any CPU
		{9A468D27-1B9E-486E-9D1B-9A846FA4BE09}.Debug|Any CPU.ActiveCfg = Debug|Any CPU
		{9A468D27-1B9E-486E-9D1B-9A846FA4BE09}.Debug|Any CPU.Build.0 = Debug|Any CPU
		{9A468D27-1B9E-486E-9D1B-9A846FA4BE09}.Release|Any CPU.ActiveCfg = Release|Any CPU
		{9A468D27-1B9E-486E-9D1B-9A846FA4BE09}.Release|Any CPU.Build.0 = Release|Any CPU
	EndGlobalSection
	GlobalSection(SolutionProperties) = preSolution
		HideSolutionNode = FALSE
	EndGlobalSection
	GlobalSection(ExtensibilityGlobals) = postSolution
		SolutionGuid = {60762AE5-1CCE-47E3-AF58-5F94DD633D2A}
	EndGlobalSection
EndGlobal
